
Microsoft Visual Studio Solution File, Format Version 12.00
# Visual Studio Version 16
VisualStudioVersion = 16.0.31321.278
MinimumVisualStudioVersion = 10.0.40219.1
Project("{2150E333-8FDC-42A3-9474-1A3956D46DE8}") = "src", "src", "{8B3AE116-E3ED-41E3-9B14-FB47C22E6D31}"
EndProject
Project("{2150E333-8FDC-42A3-9474-1A3956D46DE8}") = "tests", "tests", "{B65DEADF-DCC8-4C51-8754-21B7C5137FA1}"
EndProject
Project("{9A19103F-16F7-4668-BE54-9A1E7A4F7556}") = "CustomerLibrary", "src\CustomerLibrary\CustomerLibrary.csproj", "{887AC4A4-699F-498B-9EA4-C77A3714AB81}"
EndProject
Project("{9A19103F-16F7-4668-BE54-9A1E7A4F7556}") = "CustomerLibrary.Tests", "tests\CustomerLibrary.Tests\CustomerLibrary.Tests.csproj", "{28ECF2F1-EFA7-491A-AE53-7984411ED844}"
EndProject
Global
	GlobalSection(SolutionConfigurationPlatforms) = preSolution
		Debug|Any CPU = Debug|Any CPU
		Release|Any CPU = Release|Any CPU
	EndGlobalSection
	GlobalSection(ProjectConfigurationPlatforms) = postSolution
		{887AC4A4-699F-498B-9EA4-C77A3714AB81}.Debug|Any CPU.ActiveCfg = Debug|Any CPU
		{887AC4A4-699F-498B-9EA4-C77A3714AB81}.Debug|Any CPU.Build.0 = Debug|Any CPU
		{887AC4A4-699F-498B-9EA4-C77A3714AB81}.Release|Any CPU.ActiveCfg = Release|Any CPU
		{887AC4A4-699F-498B-9EA4-C77A3714AB81}.Release|Any CPU.Build.0 = Release|Any CPU
		{28ECF2F1-EFA7-491A-AE53-7984411ED844}.Debug|Any CPU.ActiveCfg = Debug|Any CPU
		{28ECF2F1-EFA7-491A-AE53-7984411ED844}.Debug|Any CPU.Build.0 = Debug|Any CPU
		{28ECF2F1-EFA7-491A-AE53-7984411ED844}.Release|Any CPU.ActiveCfg = Release|Any CPU
		{28ECF2F1-EFA7-491A-AE53-7984411ED844}.Release|Any CPU.Build.0 = Release|Any CPU
	EndGlobalSection
	GlobalSection(SolutionProperties) = preSolution
		HideSolutionNode = FALSE
	EndGlobalSection
	GlobalSection(NestedProjects) = preSolution
		{887AC4A4-699F-498B-9EA4-C77A3714AB81} = {8B3AE116-E3ED-41E3-9B14-FB47C22E6D31}
		{28ECF2F1-EFA7-491A-AE53-7984411ED844} = {B65DEADF-DCC8-4C51-8754-21B7C5137FA1}
	EndGlobalSection
	GlobalSection(ExtensibilityGlobals) = postSolution
		SolutionGuid = {6186EF10-4E3C-4F98-B0E5-7BF2374B7757}
	EndGlobalSection
EndGlobal
