
Microsoft Visual Studio Solution File, Format Version 12.00
# Visual Studio Version 16
VisualStudioVersion = 16.0.31321.278
MinimumVisualStudioVersion = 10.0.40219.1
Project("{2150E333-8FDC-42A3-9474-1A3956D46DE8}") = "src", "src", "{8B3AE116-E3ED-41E3-9B14-FB47C22E6D31}"
EndProject
Project("{2150E333-8FDC-42A3-9474-1A3956D46DE8}") = "tests", "tests", "{B65DEADF-DCC8-4C51-8754-21B7C5137FA1}"
EndProject
Project("{9A19103F-16F7-4668-BE54-9A1E7A4F7556}") = "CustomerLibrary", "src\CustomerLibrary\CustomerLibrary.csproj", "{887AC4A4-699F-498B-9EA4-C77A3714AB81}"
EndProject
Project("{9A19103F-16F7-4668-BE54-9A1E7A4F7556}") = "CustomerLibrary.Tests", "tests\CustomerLibrary.Tests\CustomerLibrary.Tests.csproj", "{28ECF2F1-EFA7-491A-AE53-7984411ED844}"
EndProject
Project("{9A19103F-16F7-4668-BE54-9A1E7A4F7556}") = "CustomerLibrary.IntegrationTests", "tests\CustomerLibrary.IntegrationTests\CustomerLibrary.IntegrationTests.csproj", "{5C9A9B05-0109-4D10-B7C9-334C7612F1CC}"
EndProject
Project("{9A19103F-16F7-4668-BE54-9A1E7A4F7556}") = "CustomerLibrary.Data", "src\CustomerLibrary.Data\CustomerLibrary.Data.csproj", "{7CFADA78-731C-42FD-8FF5-E412037EADD7}"
EndProject
Project("{FAE04EC0-301F-11D3-BF4B-00C04F79EFBC}") = "CustomerLibrary.BusinessLogic", "src\CustomerLibrary.BusinessLogic\CustomerLibrary.BusinessLogic.csproj", "{E1F73D2B-87A8-4CD0-A7CF-237C02F80B3C}"
EndProject
Global
	GlobalSection(SolutionConfigurationPlatforms) = preSolution
		Debug|Any CPU = Debug|Any CPU
		Release|Any CPU = Release|Any CPU
	EndGlobalSection
	GlobalSection(ProjectConfigurationPlatforms) = postSolution
		{887AC4A4-699F-498B-9EA4-C77A3714AB81}.Debug|Any CPU.ActiveCfg = Debug|Any CPU
		{887AC4A4-699F-498B-9EA4-C77A3714AB81}.Debug|Any CPU.Build.0 = Debug|Any CPU
		{887AC4A4-699F-498B-9EA4-C77A3714AB81}.Release|Any CPU.ActiveCfg = Release|Any CPU
		{887AC4A4-699F-498B-9EA4-C77A3714AB81}.Release|Any CPU.Build.0 = Release|Any CPU
		{28ECF2F1-EFA7-491A-AE53-7984411ED844}.Debug|Any CPU.ActiveCfg = Debug|Any CPU
		{28ECF2F1-EFA7-491A-AE53-7984411ED844}.Debug|Any CPU.Build.0 = Debug|Any CPU
		{28ECF2F1-EFA7-491A-AE53-7984411ED844}.Release|Any CPU.ActiveCfg = Release|Any CPU
		{28ECF2F1-EFA7-491A-AE53-7984411ED844}.Release|Any CPU.Build.0 = Release|Any CPU
		{5C9A9B05-0109-4D10-B7C9-334C7612F1CC}.Debug|Any CPU.ActiveCfg = Debug|Any CPU
		{5C9A9B05-0109-4D10-B7C9-334C7612F1CC}.Debug|Any CPU.Build.0 = Debug|Any CPU
		{5C9A9B05-0109-4D10-B7C9-334C7612F1CC}.Release|Any CPU.ActiveCfg = Release|Any CPU
		{5C9A9B05-0109-4D10-B7C9-334C7612F1CC}.Release|Any CPU.Build.0 = Release|Any CPU
		{7CFADA78-731C-42FD-8FF5-E412037EADD7}.Debug|Any CPU.ActiveCfg = Debug|Any CPU
		{7CFADA78-731C-42FD-8FF5-E412037EADD7}.Debug|Any CPU.Build.0 = Debug|Any CPU
		{7CFADA78-731C-42FD-8FF5-E412037EADD7}.Release|Any CPU.ActiveCfg = Release|Any CPU
		{7CFADA78-731C-42FD-8FF5-E412037EADD7}.Release|Any CPU.Build.0 = Release|Any CPU
		{E1F73D2B-87A8-4CD0-A7CF-237C02F80B3C}.Debug|Any CPU.ActiveCfg = Debug|Any CPU
		{E1F73D2B-87A8-4CD0-A7CF-237C02F80B3C}.Debug|Any CPU.Build.0 = Debug|Any CPU
		{E1F73D2B-87A8-4CD0-A7CF-237C02F80B3C}.Release|Any CPU.ActiveCfg = Release|Any CPU
		{E1F73D2B-87A8-4CD0-A7CF-237C02F80B3C}.Release|Any CPU.Build.0 = Release|Any CPU
	EndGlobalSection
	GlobalSection(SolutionProperties) = preSolution
		HideSolutionNode = FALSE
	EndGlobalSection
	GlobalSection(NestedProjects) = preSolution
		{887AC4A4-699F-498B-9EA4-C77A3714AB81} = {8B3AE116-E3ED-41E3-9B14-FB47C22E6D31}
		{28ECF2F1-EFA7-491A-AE53-7984411ED844} = {B65DEADF-DCC8-4C51-8754-21B7C5137FA1}
		{5C9A9B05-0109-4D10-B7C9-334C7612F1CC} = {B65DEADF-DCC8-4C51-8754-21B7C5137FA1}
		{7CFADA78-731C-42FD-8FF5-E412037EADD7} = {8B3AE116-E3ED-41E3-9B14-FB47C22E6D31}
		{E1F73D2B-87A8-4CD0-A7CF-237C02F80B3C} = {8B3AE116-E3ED-41E3-9B14-FB47C22E6D31}
	EndGlobalSection
	GlobalSection(ExtensibilityGlobals) = postSolution
		SolutionGuid = {6186EF10-4E3C-4F98-B0E5-7BF2374B7757}
	EndGlobalSection
EndGlobal
